
Microsoft Visual Studio Solution File, Format Version 12.00
# Visual Studio Version 17
VisualStudioVersion = 17.11.35327.3
MinimumVisualStudioVersion = 10.0.40219.1
Project("{FAE04EC0-301F-11D3-BF4B-00C04F79EFBC}") = "first_windows_app", "first_windows_app\first_windows_app.csproj", "{D45AC8DF-0746-48A0-8F04-B4689FAE36A3}"
EndProject
Global
	GlobalSection(SolutionConfigurationPlatforms) = preSolution
		Debug|Any CPU = Debug|Any CPU
		Release|Any CPU = Release|Any CPU
	EndGlobalSection
	GlobalSection(ProjectConfigurationPlatforms) = postSolution
		{D45AC8DF-0746-48A0-8F04-B4689FAE36A3}.Debug|Any CPU.ActiveCfg = Debug|Any CPU
		{D45AC8DF-0746-48A0-8F04-B4689FAE36A3}.Debug|Any CPU.Build.0 = Debug|Any CPU
		{D45AC8DF-0746-48A0-8F04-B4689FAE36A3}.Release|Any CPU.ActiveCfg = Release|Any CPU
		{D45AC8DF-0746-48A0-8F04-B4689FAE36A3}.Release|Any CPU.Build.0 = Release|Any CPU
	EndGlobalSection
	GlobalSection(SolutionProperties) = preSolution
		HideSolutionNode = FALSE
	EndGlobalSection
	GlobalSection(ExtensibilityGlobals) = postSolution
		SolutionGuid = {F4FFA37F-420E-419F-8AFF-80AAAAA4039E}
	EndGlobalSection
EndGlobal
