
Microsoft Visual Studio Solution File, Format Version 12.00
# Visual Studio Version 17
VisualStudioVersion = 17.11.35327.3
MinimumVisualStudioVersion = 10.0.40219.1
Project("{FAE04EC0-301F-11D3-BF4B-00C04F79EFBC}") = "Picture Viewer", "Picture Viewer\Picture Viewer.csproj", "{1161F2A6-7596-48F5-838C-9431F7FFF031}"
EndProject
Global
	GlobalSection(SolutionConfigurationPlatforms) = preSolution
		Debug|Any CPU = Debug|Any CPU
		Release|Any CPU = Release|Any CPU
	EndGlobalSection
	GlobalSection(ProjectConfigurationPlatforms) = postSolution
		{1161F2A6-7596-48F5-838C-9431F7FFF031}.Debug|Any CPU.ActiveCfg = Debug|Any CPU
		{1161F2A6-7596-48F5-838C-9431F7FFF031}.Debug|Any CPU.Build.0 = Debug|Any CPU
		{1161F2A6-7596-48F5-838C-9431F7FFF031}.Release|Any CPU.ActiveCfg = Release|Any CPU
		{1161F2A6-7596-48F5-838C-9431F7FFF031}.Release|Any CPU.Build.0 = Release|Any CPU
	EndGlobalSection
	GlobalSection(SolutionProperties) = preSolution
		HideSolutionNode = FALSE
	EndGlobalSection
	GlobalSection(ExtensibilityGlobals) = postSolution
		SolutionGuid = {09F31DCF-C844-49D4-B573-40697D130537}
	EndGlobalSection
EndGlobal
